{
  "pins" : [
    {
      "identity" : "blobby-swift",
      "kind" : "remoteSourceControl",
      "location" : "https://github.com/nixberg/blobby-swift",
      "state" : {
        "revision" : "05963eb236191a4318cd35ae112d21db895aafa8",
        "version" : "0.2.0"
      }
    },
    {
      "identity" : "keccak-p-swift",
      "kind" : "remoteSourceControl",
      "location" : "https://github.com/nixberg/keccak-p-swift",
      "state" : {
        "branch" : "main",
        "revision" : "b2428b3514dc32683df7c9a5051725fb844ac233"
      }
    },
    {
      "identity" : "swift-algorithms",
      "kind" : "remoteSourceControl",
      "location" : "https://github.com/apple/swift-algorithms",
      "state" : {
        "revision" : "f6919dfc309e7f1b56224378b11e28bab5bccc42",
        "version" : "1.2.0"
      }
    },
    {
      "identity" : "swift-collections",
      "kind" : "remoteSourceControl",
      "location" : "https://github.com/apple/swift-collections",
      "state" : {
        "revision" : "d029d9d39c87bed85b1c50adee7c41795261a192",
        "version" : "1.0.6"
      }
    },
    {
      "identity" : "swift-numerics",
      "kind" : "remoteSourceControl",
      "location" : "https://github.com/apple/swift-numerics.git",
      "state" : {
        "revision" : "0a5bc04095a675662cf24757cc0640aa2204253b",
        "version" : "1.0.2"
      }
    },
    {
      "identity" : "tuple-sequences-swift",
      "kind" : "remoteSourceControl",
      "location" : "https://github.com/nixberg/tuple-sequences-swift",
      "state" : {
        "revision" : "437df02bc51c76bdbe400767e24d9ae3bad7207a",
        "version" : "1.1.0"
      }
    }
  ],
  "version" : 2
}
